// !$*UTF8*$!
{
	archiveVersion = 1;
	classes = {
	};
	objectVersion = 50;
	objects = {

/* Begin PBXBuildFile section */
		8524EE60255792D700B5B169 /* MagicLightViewModel.swift in Sources */ = {isa = PBXBuildFile; fileRef = 8535E130254B925100DA98BE /* MagicLightViewModel.swift */; };
		8524EE672557931500B5B169 /* WatchMainView.swift in Sources */ = {isa = PBXBuildFile; fileRef = 8524EE662557931500B5B169 /* WatchMainView.swift */; };
		8535E11D254B84D700DA98BE /* MagicLight.swift in Sources */ = {isa = PBXBuildFile; fileRef = 8535E11C254B84D700DA98BE /* MagicLight.swift */; };
		8535E122254B85D900DA98BE /* MagicLightManager.swift in Sources */ = {isa = PBXBuildFile; fileRef = 8535E121254B85D900DA98BE /* MagicLightManager.swift */; };
		8535E127254B893200DA98BE /* MagicLightView.swift in Sources */ = {isa = PBXBuildFile; fileRef = 8535E126254B893200DA98BE /* MagicLightView.swift */; };
		8535E12C254B8BE600DA98BE /* MagicLightButtonView.swift in Sources */ = {isa = PBXBuildFile; fileRef = 8535E12B254B8BE600DA98BE /* MagicLightButtonView.swift */; };
		8535E131254B925100DA98BE /* MagicLightViewModel.swift in Sources */ = {isa = PBXBuildFile; fileRef = 8535E130254B925100DA98BE /* MagicLightViewModel.swift */; };
		8535E136254B931900DA98BE /* LightAction.swift in Sources */ = {isa = PBXBuildFile; fileRef = 8535E135254B931900DA98BE /* LightAction.swift */; };
		857E48162555A6E8006BBBDB /* LightActionEditorView.swift in Sources */ = {isa = PBXBuildFile; fileRef = 857E48152555A6E8006BBBDB /* LightActionEditorView.swift */; };
		85868161255E2C8A00A436B9 /* MagicLightManager.swift in Sources */ = {isa = PBXBuildFile; fileRef = 8535E121254B85D900DA98BE /* MagicLightManager.swift */; };
		85CFD3DC2557865C00FD6DF1 /* Assets.xcassets in Resources */ = {isa = PBXBuildFile; fileRef = 85CFD3DB2557865C00FD6DF1 /* Assets.xcassets */; };
		85CFD3E32557865C00FD6DF1 /* Lumen Watch Extension.appex in Embed App Extensions */ = {isa = PBXBuildFile; fileRef = 85CFD3E22557865C00FD6DF1 /* Lumen Watch Extension.appex */; settings = {ATTRIBUTES = (RemoveHeadersOnCopy, ); }; };
		85CFD3E82557865C00FD6DF1 /* LumenApp.swift in Sources */ = {isa = PBXBuildFile; fileRef = 85CFD3E72557865C00FD6DF1 /* LumenApp.swift */; };
		85CFD3EA2557865C00FD6DF1 /* ContentView.swift in Sources */ = {isa = PBXBuildFile; fileRef = 85CFD3E92557865C00FD6DF1 /* ContentView.swift */; };
		85CFD3EC2557865C00FD6DF1 /* NotificationController.swift in Sources */ = {isa = PBXBuildFile; fileRef = 85CFD3EB2557865C00FD6DF1 /* NotificationController.swift */; };
		85CFD3EE2557865C00FD6DF1 /* NotificationView.swift in Sources */ = {isa = PBXBuildFile; fileRef = 85CFD3ED2557865C00FD6DF1 /* NotificationView.swift */; };
		85CFD3F02557865C00FD6DF1 /* ComplicationController.swift in Sources */ = {isa = PBXBuildFile; fileRef = 85CFD3EF2557865C00FD6DF1 /* ComplicationController.swift */; };
		85CFD3F22557865D00FD6DF1 /* Assets.xcassets in Resources */ = {isa = PBXBuildFile; fileRef = 85CFD3F12557865D00FD6DF1 /* Assets.xcassets */; };
		85CFD3F52557865D00FD6DF1 /* Preview Assets.xcassets in Resources */ = {isa = PBXBuildFile; fileRef = 85CFD3F42557865D00FD6DF1 /* Preview Assets.xcassets */; };
		85CFD3FA2557865D00FD6DF1 /* Lumen Watch.app in Embed Watch Content */ = {isa = PBXBuildFile; fileRef = 85CFD3D92557865B00FD6DF1 /* Lumen Watch.app */; settings = {ATTRIBUTES = (RemoveHeadersOnCopy, ); }; };
		85CFD4132557870D00FD6DF1 /* LightAction.swift in Sources */ = {isa = PBXBuildFile; fileRef = 8535E135254B931900DA98BE /* LightAction.swift */; };
		85CFD4232557892200FD6DF1 /* LightActionButtonView.swift in Sources */ = {isa = PBXBuildFile; fileRef = 85CFD4222557892200FD6DF1 /* LightActionButtonView.swift */; };
		85F9E8DF25435EB500D01C6E /* LumenApp.swift in Sources */ = {isa = PBXBuildFile; fileRef = 85F9E8DE25435EB500D01C6E /* LumenApp.swift */; };
		85F9E8E325435EB600D01C6E /* Assets.xcassets in Resources */ = {isa = PBXBuildFile; fileRef = 85F9E8E225435EB600D01C6E /* Assets.xcassets */; };
		85F9E8E625435EB600D01C6E /* Preview Assets.xcassets in Resources */ = {isa = PBXBuildFile; fileRef = 85F9E8E525435EB600D01C6E /* Preview Assets.xcassets */; };
		85F9E8E825435EB600D01C6E /* Persistence.swift in Sources */ = {isa = PBXBuildFile; fileRef = 85F9E8E725435EB600D01C6E /* Persistence.swift */; };
		85F9E8EB25435EB600D01C6E /* Lumen.xcdatamodeld in Sources */ = {isa = PBXBuildFile; fileRef = 85F9E8E925435EB600D01C6E /* Lumen.xcdatamodeld */; };
		85F9E8F625435EB600D01C6E /* LumenTests.swift in Sources */ = {isa = PBXBuildFile; fileRef = 85F9E8F525435EB600D01C6E /* LumenTests.swift */; };
		85F9E90125435EB600D01C6E /* LumenUITests.swift in Sources */ = {isa = PBXBuildFile; fileRef = 85F9E90025435EB600D01C6E /* LumenUITests.swift */; };
/* End PBXBuildFile section */

/* Begin PBXContainerItemProxy section */
		85CFD3E42557865C00FD6DF1 /* PBXContainerItemProxy */ = {
			isa = PBXContainerItemProxy;
			containerPortal = 85F9E8D325435EB500D01C6E /* Project object */;
			proxyType = 1;
			remoteGlobalIDString = 85CFD3E12557865C00FD6DF1;
			remoteInfo = "Lumen Watch Extension";
		};
		85CFD3F82557865D00FD6DF1 /* PBXContainerItemProxy */ = {
			isa = PBXContainerItemProxy;
			containerPortal = 85F9E8D325435EB500D01C6E /* Project object */;
			proxyType = 1;
			remoteGlobalIDString = 85CFD3D82557865B00FD6DF1;
			remoteInfo = "Lumen Watch";
		};
		85F9E8F225435EB600D01C6E /* PBXContainerItemProxy */ = {
			isa = PBXContainerItemProxy;
			containerPortal = 85F9E8D325435EB500D01C6E /* Project object */;
			proxyType = 1;
			remoteGlobalIDString = 85F9E8DA25435EB500D01C6E;
			remoteInfo = Lumen;
		};
		85F9E8FD25435EB600D01C6E /* PBXContainerItemProxy */ = {
			isa = PBXContainerItemProxy;
			containerPortal = 85F9E8D325435EB500D01C6E /* Project object */;
			proxyType = 1;
			remoteGlobalIDString = 85F9E8DA25435EB500D01C6E;
			remoteInfo = Lumen;
		};
/* End PBXContainerItemProxy section */

/* Begin PBXCopyFilesBuildPhase section */
		85CFD3FB2557865D00FD6DF1 /* Embed Watch Content */ = {
			isa = PBXCopyFilesBuildPhase;
			buildActionMask = 2147483647;
			dstPath = "$(CONTENTS_FOLDER_PATH)/Watch";
			dstSubfolderSpec = 16;
			files = (
				85CFD3FA2557865D00FD6DF1 /* Lumen Watch.app in Embed Watch Content */,
			);
			name = "Embed Watch Content";
			runOnlyForDeploymentPostprocessing = 0;
		};
		85CFD3FE2557865D00FD6DF1 /* Embed App Extensions */ = {
			isa = PBXCopyFilesBuildPhase;
			buildActionMask = 2147483647;
			dstPath = "";
			dstSubfolderSpec = 13;
			files = (
				85CFD3E32557865C00FD6DF1 /* Lumen Watch Extension.appex in Embed App Extensions */,
			);
			name = "Embed App Extensions";
			runOnlyForDeploymentPostprocessing = 0;
		};
/* End PBXCopyFilesBuildPhase section */

/* Begin PBXFileReference section */
		8524EE662557931500B5B169 /* WatchMainView.swift */ = {isa = PBXFileReference; lastKnownFileType = sourcecode.swift; path = WatchMainView.swift; sourceTree = "<group>"; };
		8535E11C254B84D700DA98BE /* MagicLight.swift */ = {isa = PBXFileReference; lastKnownFileType = sourcecode.swift; path = MagicLight.swift; sourceTree = "<group>"; };
		8535E121254B85D900DA98BE /* MagicLightManager.swift */ = {isa = PBXFileReference; lastKnownFileType = sourcecode.swift; path = MagicLightManager.swift; sourceTree = "<group>"; };
		8535E126254B893200DA98BE /* MagicLightView.swift */ = {isa = PBXFileReference; lastKnownFileType = sourcecode.swift; path = MagicLightView.swift; sourceTree = "<group>"; };
		8535E12B254B8BE600DA98BE /* MagicLightButtonView.swift */ = {isa = PBXFileReference; lastKnownFileType = sourcecode.swift; path = MagicLightButtonView.swift; sourceTree = "<group>"; };
		8535E130254B925100DA98BE /* MagicLightViewModel.swift */ = {isa = PBXFileReference; lastKnownFileType = sourcecode.swift; path = MagicLightViewModel.swift; sourceTree = "<group>"; };
		8535E135254B931900DA98BE /* LightAction.swift */ = {isa = PBXFileReference; lastKnownFileType = sourcecode.swift; path = LightAction.swift; sourceTree = "<group>"; };
		857E48152555A6E8006BBBDB /* LightActionEditorView.swift */ = {isa = PBXFileReference; lastKnownFileType = sourcecode.swift; path = LightActionEditorView.swift; sourceTree = "<group>"; };
		85CFD3D92557865B00FD6DF1 /* Lumen Watch.app */ = {isa = PBXFileReference; explicitFileType = wrapper.application; includeInIndex = 0; path = "Lumen Watch.app"; sourceTree = BUILT_PRODUCTS_DIR; };
		85CFD3DB2557865C00FD6DF1 /* Assets.xcassets */ = {isa = PBXFileReference; lastKnownFileType = folder.assetcatalog; path = Assets.xcassets; sourceTree = "<group>"; };
		85CFD3DD2557865C00FD6DF1 /* Info.plist */ = {isa = PBXFileReference; lastKnownFileType = text.plist.xml; path = Info.plist; sourceTree = "<group>"; };
		85CFD3E22557865C00FD6DF1 /* Lumen Watch Extension.appex */ = {isa = PBXFileReference; explicitFileType = "wrapper.app-extension"; includeInIndex = 0; path = "Lumen Watch Extension.appex"; sourceTree = BUILT_PRODUCTS_DIR; };
		85CFD3E72557865C00FD6DF1 /* LumenApp.swift */ = {isa = PBXFileReference; lastKnownFileType = sourcecode.swift; path = LumenApp.swift; sourceTree = "<group>"; };
		85CFD3E92557865C00FD6DF1 /* ContentView.swift */ = {isa = PBXFileReference; lastKnownFileType = sourcecode.swift; path = ContentView.swift; sourceTree = "<group>"; };
		85CFD3EB2557865C00FD6DF1 /* NotificationController.swift */ = {isa = PBXFileReference; lastKnownFileType = sourcecode.swift; path = NotificationController.swift; sourceTree = "<group>"; };
		85CFD3ED2557865C00FD6DF1 /* NotificationView.swift */ = {isa = PBXFileReference; lastKnownFileType = sourcecode.swift; path = NotificationView.swift; sourceTree = "<group>"; };
		85CFD3EF2557865C00FD6DF1 /* ComplicationController.swift */ = {isa = PBXFileReference; lastKnownFileType = sourcecode.swift; path = ComplicationController.swift; sourceTree = "<group>"; };
		85CFD3F12557865D00FD6DF1 /* Assets.xcassets */ = {isa = PBXFileReference; lastKnownFileType = folder.assetcatalog; path = Assets.xcassets; sourceTree = "<group>"; };
		85CFD3F42557865D00FD6DF1 /* Preview Assets.xcassets */ = {isa = PBXFileReference; lastKnownFileType = folder.assetcatalog; path = "Preview Assets.xcassets"; sourceTree = "<group>"; };
		85CFD3F62557865D00FD6DF1 /* Info.plist */ = {isa = PBXFileReference; lastKnownFileType = text.plist.xml; path = Info.plist; sourceTree = "<group>"; };
		85CFD3F72557865D00FD6DF1 /* PushNotificationPayload.apns */ = {isa = PBXFileReference; lastKnownFileType = text; path = PushNotificationPayload.apns; sourceTree = "<group>"; };
		85CFD4222557892200FD6DF1 /* LightActionButtonView.swift */ = {isa = PBXFileReference; lastKnownFileType = sourcecode.swift; path = LightActionButtonView.swift; sourceTree = "<group>"; };
		85F9E8DB25435EB500D01C6E /* Lumen.app */ = {isa = PBXFileReference; explicitFileType = wrapper.application; includeInIndex = 0; path = Lumen.app; sourceTree = BUILT_PRODUCTS_DIR; };
		85F9E8DE25435EB500D01C6E /* LumenApp.swift */ = {isa = PBXFileReference; lastKnownFileType = sourcecode.swift; path = LumenApp.swift; sourceTree = "<group>"; };
		85F9E8E225435EB600D01C6E /* Assets.xcassets */ = {isa = PBXFileReference; lastKnownFileType = folder.assetcatalog; path = Assets.xcassets; sourceTree = "<group>"; };
		85F9E8E525435EB600D01C6E /* Preview Assets.xcassets */ = {isa = PBXFileReference; lastKnownFileType = folder.assetcatalog; path = "Preview Assets.xcassets"; sourceTree = "<group>"; };
		85F9E8E725435EB600D01C6E /* Persistence.swift */ = {isa = PBXFileReference; lastKnownFileType = sourcecode.swift; path = Persistence.swift; sourceTree = "<group>"; };
		85F9E8EA25435EB600D01C6E /* Lumen.xcdatamodel */ = {isa = PBXFileReference; lastKnownFileType = wrapper.xcdatamodel; path = Lumen.xcdatamodel; sourceTree = "<group>"; };
		85F9E8EC25435EB600D01C6E /* Info.plist */ = {isa = PBXFileReference; lastKnownFileType = text.plist.xml; path = Info.plist; sourceTree = "<group>"; };
		85F9E8F125435EB600D01C6E /* LumenTests.xctest */ = {isa = PBXFileReference; explicitFileType = wrapper.cfbundle; includeInIndex = 0; path = LumenTests.xctest; sourceTree = BUILT_PRODUCTS_DIR; };
		85F9E8F525435EB600D01C6E /* LumenTests.swift */ = {isa = PBXFileReference; lastKnownFileType = sourcecode.swift; path = LumenTests.swift; sourceTree = "<group>"; };
		85F9E8F725435EB600D01C6E /* Info.plist */ = {isa = PBXFileReference; lastKnownFileType = text.plist.xml; path = Info.plist; sourceTree = "<group>"; };
		85F9E8FC25435EB600D01C6E /* LumenUITests.xctest */ = {isa = PBXFileReference; explicitFileType = wrapper.cfbundle; includeInIndex = 0; path = LumenUITests.xctest; sourceTree = BUILT_PRODUCTS_DIR; };
		85F9E90025435EB600D01C6E /* LumenUITests.swift */ = {isa = PBXFileReference; lastKnownFileType = sourcecode.swift; path = LumenUITests.swift; sourceTree = "<group>"; };
		85F9E90225435EB600D01C6E /* Info.plist */ = {isa = PBXFileReference; lastKnownFileType = text.plist.xml; path = Info.plist; sourceTree = "<group>"; };
/* End PBXFileReference section */

/* Begin PBXFrameworksBuildPhase section */
		85CFD3DF2557865C00FD6DF1 /* Frameworks */ = {
			isa = PBXFrameworksBuildPhase;
			buildActionMask = 2147483647;
			files = (
			);
			runOnlyForDeploymentPostprocessing = 0;
		};
		85F9E8D825435EB500D01C6E /* Frameworks */ = {
			isa = PBXFrameworksBuildPhase;
			buildActionMask = 2147483647;
			files = (
			);
			runOnlyForDeploymentPostprocessing = 0;
		};
		85F9E8EE25435EB600D01C6E /* Frameworks */ = {
			isa = PBXFrameworksBuildPhase;
			buildActionMask = 2147483647;
			files = (
			);
			runOnlyForDeploymentPostprocessing = 0;
		};
		85F9E8F925435EB600D01C6E /* Frameworks */ = {
			isa = PBXFrameworksBuildPhase;
			buildActionMask = 2147483647;
			files = (
			);
			runOnlyForDeploymentPostprocessing = 0;
		};
/* End PBXFrameworksBuildPhase section */

/* Begin PBXGroup section */
		851416AA25436017001CC01A /* Models */ = {
			isa = PBXGroup;
			children = (
				8535E11C254B84D700DA98BE /* MagicLight.swift */,
				8535E121254B85D900DA98BE /* MagicLightManager.swift */,
				8535E135254B931900DA98BE /* LightAction.swift */,
			);
			path = Models;
			sourceTree = "<group>";
		};
		851416AB25436021001CC01A /* View */ = {
			isa = PBXGroup;
			children = (
				8535E126254B893200DA98BE /* MagicLightView.swift */,
				8535E12B254B8BE600DA98BE /* MagicLightButtonView.swift */,
				857E48152555A6E8006BBBDB /* LightActionEditorView.swift */,
			);
			path = View;
			sourceTree = "<group>";
		};
		851416AC25436028001CC01A /* ViewModels */ = {
			isa = PBXGroup;
			children = (
				8535E130254B925100DA98BE /* MagicLightViewModel.swift */,
			);
			path = ViewModels;
			sourceTree = "<group>";
		};
		851416AD25436049001CC01A /* CoreData */ = {
			isa = PBXGroup;
			children = (
				85F9E8E725435EB600D01C6E /* Persistence.swift */,
				85F9E8E925435EB600D01C6E /* Lumen.xcdatamodeld */,
			);
			path = CoreData;
			sourceTree = "<group>";
		};
		85CFD3DA2557865B00FD6DF1 /* Lumen Watch */ = {
			isa = PBXGroup;
			children = (
				85CFD3DB2557865C00FD6DF1 /* Assets.xcassets */,
				85CFD3DD2557865C00FD6DF1 /* Info.plist */,
			);
			path = "Lumen Watch";
			sourceTree = "<group>";
		};
		85CFD3E62557865C00FD6DF1 /* Lumen Watch Extension */ = {
			isa = PBXGroup;
			children = (
				85CFD41F2557888000FD6DF1 /* Models */,
				85CFD4202557888C00FD6DF1 /* Views */,
				85CFD4212557889B00FD6DF1 /* ViewModels */,
				85CFD3E72557865C00FD6DF1 /* LumenApp.swift */,
				85CFD3E92557865C00FD6DF1 /* ContentView.swift */,
				85CFD3EB2557865C00FD6DF1 /* NotificationController.swift */,
				85CFD3ED2557865C00FD6DF1 /* NotificationView.swift */,
				85CFD3EF2557865C00FD6DF1 /* ComplicationController.swift */,
				85CFD3F12557865D00FD6DF1 /* Assets.xcassets */,
				85CFD3F62557865D00FD6DF1 /* Info.plist */,
				85CFD3F72557865D00FD6DF1 /* PushNotificationPayload.apns */,
				85CFD3F32557865D00FD6DF1 /* Preview Content */,
			);
			path = "Lumen Watch Extension";
			sourceTree = "<group>";
		};
		85CFD3F32557865D00FD6DF1 /* Preview Content */ = {
			isa = PBXGroup;
			children = (
				85CFD3F42557865D00FD6DF1 /* Preview Assets.xcassets */,
			);
			path = "Preview Content";
			sourceTree = "<group>";
		};
		85CFD41F2557888000FD6DF1 /* Models */ = {
			isa = PBXGroup;
			children = (
			);
			path = Models;
			sourceTree = "<group>";
		};
		85CFD4202557888C00FD6DF1 /* Views */ = {
			isa = PBXGroup;
			children = (
				85CFD4222557892200FD6DF1 /* LightActionButtonView.swift */,
				8524EE662557931500B5B169 /* WatchMainView.swift */,
			);
			path = Views;
			sourceTree = "<group>";
		};
		85CFD4212557889B00FD6DF1 /* ViewModels */ = {
			isa = PBXGroup;
			children = (
			);
			path = ViewModels;
			sourceTree = "<group>";
		};
		85F9E8D225435EB500D01C6E = {
			isa = PBXGroup;
			children = (
				85F9E8DD25435EB500D01C6E /* Lumen */,
				85F9E8F425435EB600D01C6E /* LumenTests */,
				85F9E8FF25435EB600D01C6E /* LumenUITests */,
				85CFD3DA2557865B00FD6DF1 /* Lumen Watch */,
				85CFD3E62557865C00FD6DF1 /* Lumen Watch Extension */,
				85F9E8DC25435EB500D01C6E /* Products */,
			);
			sourceTree = "<group>";
		};
		85F9E8DC25435EB500D01C6E /* Products */ = {
			isa = PBXGroup;
			children = (
				85F9E8DB25435EB500D01C6E /* Lumen.app */,
				85F9E8F125435EB600D01C6E /* LumenTests.xctest */,
				85F9E8FC25435EB600D01C6E /* LumenUITests.xctest */,
				85CFD3D92557865B00FD6DF1 /* Lumen Watch.app */,
				85CFD3E22557865C00FD6DF1 /* Lumen Watch Extension.appex */,
			);
			name = Products;
			sourceTree = "<group>";
		};
		85F9E8DD25435EB500D01C6E /* Lumen */ = {
			isa = PBXGroup;
			children = (
				851416AD25436049001CC01A /* CoreData */,
				851416AA25436017001CC01A /* Models */,
				851416AB25436021001CC01A /* View */,
				851416AC25436028001CC01A /* ViewModels */,
				85F9E8DE25435EB500D01C6E /* LumenApp.swift */,
				85F9E8E225435EB600D01C6E /* Assets.xcassets */,
				85F9E8EC25435EB600D01C6E /* Info.plist */,
				85F9E8E425435EB600D01C6E /* Preview Content */,
			);
			path = Lumen;
			sourceTree = "<group>";
		};
		85F9E8E425435EB600D01C6E /* Preview Content */ = {
			isa = PBXGroup;
			children = (
				85F9E8E525435EB600D01C6E /* Preview Assets.xcassets */,
			);
			path = "Preview Content";
			sourceTree = "<group>";
		};
		85F9E8F425435EB600D01C6E /* LumenTests */ = {
			isa = PBXGroup;
			children = (
				85F9E8F525435EB600D01C6E /* LumenTests.swift */,
				85F9E8F725435EB600D01C6E /* Info.plist */,
			);
			path = LumenTests;
			sourceTree = "<group>";
		};
		85F9E8FF25435EB600D01C6E /* LumenUITests */ = {
			isa = PBXGroup;
			children = (
				85F9E90025435EB600D01C6E /* LumenUITests.swift */,
				85F9E90225435EB600D01C6E /* Info.plist */,
			);
			path = LumenUITests;
			sourceTree = "<group>";
		};
/* End PBXGroup section */

/* Begin PBXNativeTarget section */
		85CFD3D82557865B00FD6DF1 /* Lumen Watch */ = {
			isa = PBXNativeTarget;
			buildConfigurationList = 85CFD4022557865D00FD6DF1 /* Build configuration list for PBXNativeTarget "Lumen Watch" */;
			buildPhases = (
				85CFD3D72557865B00FD6DF1 /* Resources */,
				85CFD3FE2557865D00FD6DF1 /* Embed App Extensions */,
			);
			buildRules = (
			);
			dependencies = (
				85CFD3E52557865C00FD6DF1 /* PBXTargetDependency */,
			);
			name = "Lumen Watch";
			productName = "Lumen Watch";
			productReference = 85CFD3D92557865B00FD6DF1 /* Lumen Watch.app */;
			productType = "com.apple.product-type.application.watchapp2";
		};
		85CFD3E12557865C00FD6DF1 /* Lumen Watch Extension */ = {
			isa = PBXNativeTarget;
			buildConfigurationList = 85CFD4012557865D00FD6DF1 /* Build configuration list for PBXNativeTarget "Lumen Watch Extension" */;
			buildPhases = (
				85CFD3DE2557865C00FD6DF1 /* Sources */,
				85CFD3DF2557865C00FD6DF1 /* Frameworks */,
				85CFD3E02557865C00FD6DF1 /* Resources */,
			);
			buildRules = (
			);
			dependencies = (
			);
			name = "Lumen Watch Extension";
			productName = "Lumen Watch Extension";
			productReference = 85CFD3E22557865C00FD6DF1 /* Lumen Watch Extension.appex */;
			productType = "com.apple.product-type.watchkit2-extension";
		};
		85F9E8DA25435EB500D01C6E /* Lumen */ = {
			isa = PBXNativeTarget;
			buildConfigurationList = 85F9E90525435EB600D01C6E /* Build configuration list for PBXNativeTarget "Lumen" */;
			buildPhases = (
				85F9E8D725435EB500D01C6E /* Sources */,
				85F9E8D825435EB500D01C6E /* Frameworks */,
				85F9E8D925435EB500D01C6E /* Resources */,
				85CFD3FB2557865D00FD6DF1 /* Embed Watch Content */,
			);
			buildRules = (
			);
			dependencies = (
				85CFD3F92557865D00FD6DF1 /* PBXTargetDependency */,
			);
			name = Lumen;
			productName = Lumen;
			productReference = 85F9E8DB25435EB500D01C6E /* Lumen.app */;
			productType = "com.apple.product-type.application";
		};
		85F9E8F025435EB600D01C6E /* LumenTests */ = {
			isa = PBXNativeTarget;
			buildConfigurationList = 85F9E90825435EB600D01C6E /* Build configuration list for PBXNativeTarget "LumenTests" */;
			buildPhases = (
				85F9E8ED25435EB600D01C6E /* Sources */,
				85F9E8EE25435EB600D01C6E /* Frameworks */,
				85F9E8EF25435EB600D01C6E /* Resources */,
			);
			buildRules = (
			);
			dependencies = (
				85F9E8F325435EB600D01C6E /* PBXTargetDependency */,
			);
			name = LumenTests;
			productName = LumenTests;
			productReference = 85F9E8F125435EB600D01C6E /* LumenTests.xctest */;
			productType = "com.apple.product-type.bundle.unit-test";
		};
		85F9E8FB25435EB600D01C6E /* LumenUITests */ = {
			isa = PBXNativeTarget;
			buildConfigurationList = 85F9E90B25435EB600D01C6E /* Build configuration list for PBXNativeTarget "LumenUITests" */;
			buildPhases = (
				85F9E8F825435EB600D01C6E /* Sources */,
				85F9E8F925435EB600D01C6E /* Frameworks */,
				85F9E8FA25435EB600D01C6E /* Resources */,
			);
			buildRules = (
			);
			dependencies = (
				85F9E8FE25435EB600D01C6E /* PBXTargetDependency */,
			);
			name = LumenUITests;
			productName = LumenUITests;
			productReference = 85F9E8FC25435EB600D01C6E /* LumenUITests.xctest */;
			productType = "com.apple.product-type.bundle.ui-testing";
		};
/* End PBXNativeTarget section */

/* Begin PBXProject section */
		85F9E8D325435EB500D01C6E /* Project object */ = {
			isa = PBXProject;
			attributes = {
				LastSwiftUpdateCheck = 1210;
				LastUpgradeCheck = 1210;
				TargetAttributes = {
					85CFD3D82557865B00FD6DF1 = {
						CreatedOnToolsVersion = 12.1;
					};
					85CFD3E12557865C00FD6DF1 = {
						CreatedOnToolsVersion = 12.1;
					};
					85F9E8DA25435EB500D01C6E = {
						CreatedOnToolsVersion = 12.1;
					};
					85F9E8F025435EB600D01C6E = {
						CreatedOnToolsVersion = 12.1;
						TestTargetID = 85F9E8DA25435EB500D01C6E;
					};
					85F9E8FB25435EB600D01C6E = {
						CreatedOnToolsVersion = 12.1;
						TestTargetID = 85F9E8DA25435EB500D01C6E;
					};
				};
			};
			buildConfigurationList = 85F9E8D625435EB500D01C6E /* Build configuration list for PBXProject "Lumen" */;
			compatibilityVersion = "Xcode 9.3";
			developmentRegion = en;
			hasScannedForEncodings = 0;
			knownRegions = (
				en,
				Base,
			);
			mainGroup = 85F9E8D225435EB500D01C6E;
			productRefGroup = 85F9E8DC25435EB500D01C6E /* Products */;
			projectDirPath = "";
			projectRoot = "";
			targets = (
				85F9E8DA25435EB500D01C6E /* Lumen */,
				85F9E8F025435EB600D01C6E /* LumenTests */,
				85F9E8FB25435EB600D01C6E /* LumenUITests */,
				85CFD3D82557865B00FD6DF1 /* Lumen Watch */,
				85CFD3E12557865C00FD6DF1 /* Lumen Watch Extension */,
			);
		};
/* End PBXProject section */

/* Begin PBXResourcesBuildPhase section */
		85CFD3D72557865B00FD6DF1 /* Resources */ = {
			isa = PBXResourcesBuildPhase;
			buildActionMask = 2147483647;
			files = (
				85CFD3DC2557865C00FD6DF1 /* Assets.xcassets in Resources */,
			);
			runOnlyForDeploymentPostprocessing = 0;
		};
		85CFD3E02557865C00FD6DF1 /* Resources */ = {
			isa = PBXResourcesBuildPhase;
			buildActionMask = 2147483647;
			files = (
				85CFD3F52557865D00FD6DF1 /* Preview Assets.xcassets in Resources */,
				85CFD3F22557865D00FD6DF1 /* Assets.xcassets in Resources */,
			);
			runOnlyForDeploymentPostprocessing = 0;
		};
		85F9E8D925435EB500D01C6E /* Resources */ = {
			isa = PBXResourcesBuildPhase;
			buildActionMask = 2147483647;
			files = (
				85F9E8E625435EB600D01C6E /* Preview Assets.xcassets in Resources */,
				85F9E8E325435EB600D01C6E /* Assets.xcassets in Resources */,
			);
			runOnlyForDeploymentPostprocessing = 0;
		};
		85F9E8EF25435EB600D01C6E /* Resources */ = {
			isa = PBXResourcesBuildPhase;
			buildActionMask = 2147483647;
			files = (
			);
			runOnlyForDeploymentPostprocessing = 0;
		};
		85F9E8FA25435EB600D01C6E /* Resources */ = {
			isa = PBXResourcesBuildPhase;
			buildActionMask = 2147483647;
			files = (
			);
			runOnlyForDeploymentPostprocessing = 0;
		};
/* End PBXResourcesBuildPhase section */

/* Begin PBXSourcesBuildPhase section */
		85CFD3DE2557865C00FD6DF1 /* Sources */ = {
			isa = PBXSourcesBuildPhase;
			buildActionMask = 2147483647;
			files = (
				85CFD3EC2557865C00FD6DF1 /* NotificationController.swift in Sources */,
				85CFD3EA2557865C00FD6DF1 /* ContentView.swift in Sources */,
				8524EE60255792D700B5B169 /* MagicLightViewModel.swift in Sources */,
				85CFD3F02557865C00FD6DF1 /* ComplicationController.swift in Sources */,
				85CFD4232557892200FD6DF1 /* LightActionButtonView.swift in Sources */,
				8524EE672557931500B5B169 /* WatchMainView.swift in Sources */,
				85CFD3E82557865C00FD6DF1 /* LumenApp.swift in Sources */,
				85CFD4132557870D00FD6DF1 /* LightAction.swift in Sources */,
				85868161255E2C8A00A436B9 /* MagicLightManager.swift in Sources */,
				85CFD3EE2557865C00FD6DF1 /* NotificationView.swift in Sources */,
			);
			runOnlyForDeploymentPostprocessing = 0;
		};
		85F9E8D725435EB500D01C6E /* Sources */ = {
			isa = PBXSourcesBuildPhase;
			buildActionMask = 2147483647;
			files = (
				85F9E8E825435EB600D01C6E /* Persistence.swift in Sources */,
				8535E131254B925100DA98BE /* MagicLightViewModel.swift in Sources */,
				85F9E8DF25435EB500D01C6E /* LumenApp.swift in Sources */,
				8535E136254B931900DA98BE /* LightAction.swift in Sources */,
				857E48162555A6E8006BBBDB /* LightActionEditorView.swift in Sources */,
				8535E11D254B84D700DA98BE /* MagicLight.swift in Sources */,
				8535E122254B85D900DA98BE /* MagicLightManager.swift in Sources */,
				8535E12C254B8BE600DA98BE /* MagicLightButtonView.swift in Sources */,
				8535E127254B893200DA98BE /* MagicLightView.swift in Sources */,
				85F9E8EB25435EB600D01C6E /* Lumen.xcdatamodeld in Sources */,
			);
			runOnlyForDeploymentPostprocessing = 0;
		};
		85F9E8ED25435EB600D01C6E /* Sources */ = {
			isa = PBXSourcesBuildPhase;
			buildActionMask = 2147483647;
			files = (
				85F9E8F625435EB600D01C6E /* LumenTests.swift in Sources */,
			);
			runOnlyForDeploymentPostprocessing = 0;
		};
		85F9E8F825435EB600D01C6E /* Sources */ = {
			isa = PBXSourcesBuildPhase;
			buildActionMask = 2147483647;
			files = (
				85F9E90125435EB600D01C6E /* LumenUITests.swift in Sources */,
			);
			runOnlyForDeploymentPostprocessing = 0;
		};
/* End PBXSourcesBuildPhase section */

/* Begin PBXTargetDependency section */
		85CFD3E52557865C00FD6DF1 /* PBXTargetDependency */ = {
			isa = PBXTargetDependency;
			target = 85CFD3E12557865C00FD6DF1 /* Lumen Watch Extension */;
			targetProxy = 85CFD3E42557865C00FD6DF1 /* PBXContainerItemProxy */;
		};
		85CFD3F92557865D00FD6DF1 /* PBXTargetDependency */ = {
			isa = PBXTargetDependency;
			target = 85CFD3D82557865B00FD6DF1 /* Lumen Watch */;
			targetProxy = 85CFD3F82557865D00FD6DF1 /* PBXContainerItemProxy */;
		};
		85F9E8F325435EB600D01C6E /* PBXTargetDependency */ = {
			isa = PBXTargetDependency;
			target = 85F9E8DA25435EB500D01C6E /* Lumen */;
			targetProxy = 85F9E8F225435EB600D01C6E /* PBXContainerItemProxy */;
		};
		85F9E8FE25435EB600D01C6E /* PBXTargetDependency */ = {
			isa = PBXTargetDependency;
			target = 85F9E8DA25435EB500D01C6E /* Lumen */;
			targetProxy = 85F9E8FD25435EB600D01C6E /* PBXContainerItemProxy */;
		};
/* End PBXTargetDependency section */

/* Begin XCBuildConfiguration section */
		85CFD3FC2557865D00FD6DF1 /* Debug */ = {
			isa = XCBuildConfiguration;
			buildSettings = {
				ALWAYS_EMBED_SWIFT_STANDARD_LIBRARIES = YES;
				ASSETCATALOG_COMPILER_APPICON_NAME = AppIcon;
				ASSETCATALOG_COMPILER_GLOBAL_ACCENT_COLOR_NAME = AccentColor;
				CODE_SIGN_STYLE = Automatic;
				DEVELOPMENT_TEAM = S3QV2HC97X;
				IBSC_MODULE = Lumen_Watch_Extension;
				INFOPLIST_FILE = "Lumen Watch/Info.plist";
				PRODUCT_BUNDLE_IDENTIFIER = com.dquavius.Lumen.watchkitapp;
				PRODUCT_NAME = "$(TARGET_NAME)";
				SDKROOT = watchos;
				SKIP_INSTALL = YES;
				SWIFT_VERSION = 5.0;
				TARGETED_DEVICE_FAMILY = 4;
				WATCHOS_DEPLOYMENT_TARGET = 7.0;
			};
			name = Debug;
		};
		85CFD3FD2557865D00FD6DF1 /* Release */ = {
			isa = XCBuildConfiguration;
			buildSettings = {
				ALWAYS_EMBED_SWIFT_STANDARD_LIBRARIES = YES;
				ASSETCATALOG_COMPILER_APPICON_NAME = AppIcon;
				ASSETCATALOG_COMPILER_GLOBAL_ACCENT_COLOR_NAME = AccentColor;
				CODE_SIGN_STYLE = Automatic;
				DEVELOPMENT_TEAM = S3QV2HC97X;
				IBSC_MODULE = Lumen_Watch_Extension;
				INFOPLIST_FILE = "Lumen Watch/Info.plist";
				PRODUCT_BUNDLE_IDENTIFIER = com.dquavius.Lumen.watchkitapp;
				PRODUCT_NAME = "$(TARGET_NAME)";
				SDKROOT = watchos;
				SKIP_INSTALL = YES;
				SWIFT_VERSION = 5.0;
				TARGETED_DEVICE_FAMILY = 4;
				WATCHOS_DEPLOYMENT_TARGET = 7.0;
			};
			name = Release;
		};
		85CFD3FF2557865D00FD6DF1 /* Debug */ = {
			isa = XCBuildConfiguration;
			buildSettings = {
				ASSETCATALOG_COMPILER_COMPLICATION_NAME = Complication;
				CODE_SIGN_STYLE = Automatic;
				DEVELOPMENT_ASSET_PATHS = "\"Lumen Watch Extension/Preview Content\"";
				DEVELOPMENT_TEAM = S3QV2HC97X;
				ENABLE_PREVIEWS = YES;
				INFOPLIST_FILE = "Lumen Watch Extension/Info.plist";
				LD_RUNPATH_SEARCH_PATHS = (
					"$(inherited)",
					"@executable_path/Frameworks",
					"@executable_path/../../Frameworks",
				);
				PRODUCT_BUNDLE_IDENTIFIER = com.dquavius.Lumen.watchkitapp.watchkitextension;
				PRODUCT_NAME = "${TARGET_NAME}";
				SDKROOT = watchos;
				SKIP_INSTALL = YES;
				SWIFT_VERSION = 5.0;
				TARGETED_DEVICE_FAMILY = 4;
				WATCHOS_DEPLOYMENT_TARGET = 7.0;
			};
			name = Debug;
		};
		85CFD4002557865D00FD6DF1 /* Release */ = {
			isa = XCBuildConfiguration;
			buildSettings = {
				ASSETCATALOG_COMPILER_COMPLICATION_NAME = Complication;
				CODE_SIGN_STYLE = Automatic;
				DEVELOPMENT_ASSET_PATHS = "\"Lumen Watch Extension/Preview Content\"";
				DEVELOPMENT_TEAM = S3QV2HC97X;
				ENABLE_PREVIEWS = YES;
				INFOPLIST_FILE = "Lumen Watch Extension/Info.plist";
				LD_RUNPATH_SEARCH_PATHS = (
					"$(inherited)",
					"@executable_path/Frameworks",
					"@executable_path/../../Frameworks",
				);
				PRODUCT_BUNDLE_IDENTIFIER = com.dquavius.Lumen.watchkitapp.watchkitextension;
				PRODUCT_NAME = "${TARGET_NAME}";
				SDKROOT = watchos;
				SKIP_INSTALL = YES;
				SWIFT_VERSION = 5.0;
				TARGETED_DEVICE_FAMILY = 4;
				WATCHOS_DEPLOYMENT_TARGET = 7.0;
			};
			name = Release;
		};
		85F9E90325435EB600D01C6E /* Debug */ = {
			isa = XCBuildConfiguration;
			buildSettings = {
				ALWAYS_SEARCH_USER_PATHS = NO;
				CLANG_ANALYZER_NONNULL = YES;
				CLANG_ANALYZER_NUMBER_OBJECT_CONVERSION = YES_AGGRESSIVE;
				CLANG_CXX_LANGUAGE_STANDARD = "gnu++14";
				CLANG_CXX_LIBRARY = "libc++";
				CLANG_ENABLE_MODULES = YES;
				CLANG_ENABLE_OBJC_ARC = YES;
				CLANG_ENABLE_OBJC_WEAK = YES;
				CLANG_WARN_BLOCK_CAPTURE_AUTORELEASING = YES;
				CLANG_WARN_BOOL_CONVERSION = YES;
				CLANG_WARN_COMMA = YES;
				CLANG_WARN_CONSTANT_CONVERSION = YES;
				CLANG_WARN_DEPRECATED_OBJC_IMPLEMENTATIONS = YES;
				CLANG_WARN_DIRECT_OBJC_ISA_USAGE = YES_ERROR;
				CLANG_WARN_DOCUMENTATION_COMMENTS = YES;
				CLANG_WARN_EMPTY_BODY = YES;
				CLANG_WARN_ENUM_CONVERSION = YES;
				CLANG_WARN_INFINITE_RECURSION = YES;
				CLANG_WARN_INT_CONVERSION = YES;
				CLANG_WARN_NON_LITERAL_NULL_CONVERSION = YES;
				CLANG_WARN_OBJC_IMPLICIT_RETAIN_SELF = YES;
				CLANG_WARN_OBJC_LITERAL_CONVERSION = YES;
				CLANG_WARN_OBJC_ROOT_CLASS = YES_ERROR;
				CLANG_WARN_QUOTED_INCLUDE_IN_FRAMEWORK_HEADER = YES;
				CLANG_WARN_RANGE_LOOP_ANALYSIS = YES;
				CLANG_WARN_STRICT_PROTOTYPES = YES;
				CLANG_WARN_SUSPICIOUS_MOVE = YES;
				CLANG_WARN_UNGUARDED_AVAILABILITY = YES_AGGRESSIVE;
				CLANG_WARN_UNREACHABLE_CODE = YES;
				CLANG_WARN__DUPLICATE_METHOD_MATCH = YES;
				COPY_PHASE_STRIP = NO;
				DEBUG_INFORMATION_FORMAT = dwarf;
				ENABLE_STRICT_OBJC_MSGSEND = YES;
				ENABLE_TESTABILITY = YES;
				GCC_C_LANGUAGE_STANDARD = gnu11;
				GCC_DYNAMIC_NO_PIC = NO;
				GCC_NO_COMMON_BLOCKS = YES;
				GCC_OPTIMIZATION_LEVEL = 0;
				GCC_PREPROCESSOR_DEFINITIONS = (
					"DEBUG=1",
					"$(inherited)",
				);
				GCC_WARN_64_TO_32_BIT_CONVERSION = YES;
				GCC_WARN_ABOUT_RETURN_TYPE = YES_ERROR;
				GCC_WARN_UNDECLARED_SELECTOR = YES;
				GCC_WARN_UNINITIALIZED_AUTOS = YES_AGGRESSIVE;
				GCC_WARN_UNUSED_FUNCTION = YES;
				GCC_WARN_UNUSED_VARIABLE = YES;
				IPHONEOS_DEPLOYMENT_TARGET = 14.1;
				MTL_ENABLE_DEBUG_INFO = INCLUDE_SOURCE;
				MTL_FAST_MATH = YES;
				ONLY_ACTIVE_ARCH = YES;
				SDKROOT = iphoneos;
				SWIFT_ACTIVE_COMPILATION_CONDITIONS = DEBUG;
				SWIFT_OPTIMIZATION_LEVEL = "-Onone";
			};
			name = Debug;
		};
		85F9E90425435EB600D01C6E /* Release */ = {
			isa = XCBuildConfiguration;
			buildSettings = {
				ALWAYS_SEARCH_USER_PATHS = NO;
				CLANG_ANALYZER_NONNULL = YES;
				CLANG_ANALYZER_NUMBER_OBJECT_CONVERSION = YES_AGGRESSIVE;
				CLANG_CXX_LANGUAGE_STANDARD = "gnu++14";
				CLANG_CXX_LIBRARY = "libc++";
				CLANG_ENABLE_MODULES = YES;
				CLANG_ENABLE_OBJC_ARC = YES;
				CLANG_ENABLE_OBJC_WEAK = YES;
				CLANG_WARN_BLOCK_CAPTURE_AUTORELEASING = YES;
				CLANG_WARN_BOOL_CONVERSION = YES;
				CLANG_WARN_COMMA = YES;
				CLANG_WARN_CONSTANT_CONVERSION = YES;
				CLANG_WARN_DEPRECATED_OBJC_IMPLEMENTATIONS = YES;
				CLANG_WARN_DIRECT_OBJC_ISA_USAGE = YES_ERROR;
				CLANG_WARN_DOCUMENTATION_COMMENTS = YES;
				CLANG_WARN_EMPTY_BODY = YES;
				CLANG_WARN_ENUM_CONVERSION = YES;
				CLANG_WARN_INFINITE_RECURSION = YES;
				CLANG_WARN_INT_CONVERSION = YES;
				CLANG_WARN_NON_LITERAL_NULL_CONVERSION = YES;
				CLANG_WARN_OBJC_IMPLICIT_RETAIN_SELF = YES;
				CLANG_WARN_OBJC_LITERAL_CONVERSION = YES;
				CLANG_WARN_OBJC_ROOT_CLASS = YES_ERROR;
				CLANG_WARN_QUOTED_INCLUDE_IN_FRAMEWORK_HEADER = YES;
				CLANG_WARN_RANGE_LOOP_ANALYSIS = YES;
				CLANG_WARN_STRICT_PROTOTYPES = YES;
				CLANG_WARN_SUSPICIOUS_MOVE = YES;
				CLANG_WARN_UNGUARDED_AVAILABILITY = YES_AGGRESSIVE;
				CLANG_WARN_UNREACHABLE_CODE = YES;
				CLANG_WARN__DUPLICATE_METHOD_MATCH = YES;
				COPY_PHASE_STRIP = NO;
				DEBUG_INFORMATION_FORMAT = "dwarf-with-dsym";
				ENABLE_NS_ASSERTIONS = NO;
				ENABLE_STRICT_OBJC_MSGSEND = YES;
				GCC_C_LANGUAGE_STANDARD = gnu11;
				GCC_NO_COMMON_BLOCKS = YES;
				GCC_WARN_64_TO_32_BIT_CONVERSION = YES;
				GCC_WARN_ABOUT_RETURN_TYPE = YES_ERROR;
				GCC_WARN_UNDECLARED_SELECTOR = YES;
				GCC_WARN_UNINITIALIZED_AUTOS = YES_AGGRESSIVE;
				GCC_WARN_UNUSED_FUNCTION = YES;
				GCC_WARN_UNUSED_VARIABLE = YES;
				IPHONEOS_DEPLOYMENT_TARGET = 14.1;
				MTL_ENABLE_DEBUG_INFO = NO;
				MTL_FAST_MATH = YES;
				SDKROOT = iphoneos;
				SWIFT_COMPILATION_MODE = wholemodule;
				SWIFT_OPTIMIZATION_LEVEL = "-O";
				VALIDATE_PRODUCT = YES;
			};
			name = Release;
		};
		85F9E90625435EB600D01C6E /* Debug */ = {
			isa = XCBuildConfiguration;
			buildSettings = {
				ASSETCATALOG_COMPILER_APPICON_NAME = AppIcon;
				ASSETCATALOG_COMPILER_GLOBAL_ACCENT_COLOR_NAME = AccentColor;
				CODE_SIGN_STYLE = Automatic;
				DEVELOPMENT_ASSET_PATHS = "\"Lumen/Preview Content\"";
				DEVELOPMENT_TEAM = S3QV2HC97X;
				ENABLE_PREVIEWS = YES;
				INFOPLIST_FILE = Lumen/Info.plist;
				IPHONEOS_DEPLOYMENT_TARGET = 14.0;
				LD_RUNPATH_SEARCH_PATHS = (
					"$(inherited)",
					"@executable_path/Frameworks",
				);
				PRODUCT_BUNDLE_IDENTIFIER = com.dquavius.Lumen;
				PRODUCT_NAME = "$(TARGET_NAME)";
				SWIFT_VERSION = 5.0;
				TARGETED_DEVICE_FAMILY = "1,2";
			};
			name = Debug;
		};
		85F9E90725435EB600D01C6E /* Release */ = {
			isa = XCBuildConfiguration;
			buildSettings = {
				ASSETCATALOG_COMPILER_APPICON_NAME = AppIcon;
				ASSETCATALOG_COMPILER_GLOBAL_ACCENT_COLOR_NAME = AccentColor;
				CODE_SIGN_STYLE = Automatic;
				DEVELOPMENT_ASSET_PATHS = "\"Lumen/Preview Content\"";
				DEVELOPMENT_TEAM = S3QV2HC97X;
				ENABLE_PREVIEWS = YES;
				INFOPLIST_FILE = Lumen/Info.plist;
				IPHONEOS_DEPLOYMENT_TARGET = 14.0;
				LD_RUNPATH_SEARCH_PATHS = (
					"$(inherited)",
					"@executable_path/Frameworks",
				);
				PRODUCT_BUNDLE_IDENTIFIER = com.dquavius.Lumen;
				PRODUCT_NAME = "$(TARGET_NAME)";
				SWIFT_VERSION = 5.0;
				TARGETED_DEVICE_FAMILY = "1,2";
			};
			name = Release;
		};
		85F9E90925435EB600D01C6E /* Debug */ = {
			isa = XCBuildConfiguration;
			buildSettings = {
				ALWAYS_EMBED_SWIFT_STANDARD_LIBRARIES = YES;
				BUNDLE_LOADER = "$(TEST_HOST)";
				CODE_SIGN_STYLE = Automatic;
				DEVELOPMENT_TEAM = S3QV2HC97X;
				INFOPLIST_FILE = LumenTests/Info.plist;
				IPHONEOS_DEPLOYMENT_TARGET = 14.0;
				LD_RUNPATH_SEARCH_PATHS = (
					"$(inherited)",
					"@executable_path/Frameworks",
					"@loader_path/Frameworks",
				);
				PRODUCT_BUNDLE_IDENTIFIER = com.dquavius.LumenTests;
				PRODUCT_NAME = "$(TARGET_NAME)";
				SWIFT_VERSION = 5.0;
				TARGETED_DEVICE_FAMILY = "1,2";
				TEST_HOST = "$(BUILT_PRODUCTS_DIR)/Lumen.app/Lumen";
			};
			name = Debug;
		};
		85F9E90A25435EB600D01C6E /* Release */ = {
			isa = XCBuildConfiguration;
			buildSettings = {
				ALWAYS_EMBED_SWIFT_STANDARD_LIBRARIES = YES;
				BUNDLE_LOADER = "$(TEST_HOST)";
				CODE_SIGN_STYLE = Automatic;
				DEVELOPMENT_TEAM = S3QV2HC97X;
				INFOPLIST_FILE = LumenTests/Info.plist;
				IPHONEOS_DEPLOYMENT_TARGET = 14.0;
				LD_RUNPATH_SEARCH_PATHS = (
					"$(inherited)",
					"@executable_path/Frameworks",
					"@loader_path/Frameworks",
				);
				PRODUCT_BUNDLE_IDENTIFIER = com.dquavius.LumenTests;
				PRODUCT_NAME = "$(TARGET_NAME)";
				SWIFT_VERSION = 5.0;
				TARGETED_DEVICE_FAMILY = "1,2";
				TEST_HOST = "$(BUILT_PRODUCTS_DIR)/Lumen.app/Lumen";
			};
			name = Release;
		};
		85F9E90C25435EB600D01C6E /* Debug */ = {
			isa = XCBuildConfiguration;
			buildSettings = {
				ALWAYS_EMBED_SWIFT_STANDARD_LIBRARIES = YES;
				CODE_SIGN_STYLE = Automatic;
				DEVELOPMENT_TEAM = S3QV2HC97X;
				INFOPLIST_FILE = LumenUITests/Info.plist;
				LD_RUNPATH_SEARCH_PATHS = (
					"$(inherited)",
					"@executable_path/Frameworks",
					"@loader_path/Frameworks",
				);
				PRODUCT_BUNDLE_IDENTIFIER = com.dquavius.LumenUITests;
				PRODUCT_NAME = "$(TARGET_NAME)";
				SWIFT_VERSION = 5.0;
				TARGETED_DEVICE_FAMILY = "1,2";
				TEST_TARGET_NAME = Lumen;
			};
			name = Debug;
		};
		85F9E90D25435EB600D01C6E /* Release */ = {
			isa = XCBuildConfiguration;
			buildSettings = {
				ALWAYS_EMBED_SWIFT_STANDARD_LIBRARIES = YES;
				CODE_SIGN_STYLE = Automatic;
				DEVELOPMENT_TEAM = S3QV2HC97X;
				INFOPLIST_FILE = LumenUITests/Info.plist;
				LD_RUNPATH_SEARCH_PATHS = (
					"$(inherited)",
					"@executable_path/Frameworks",
					"@loader_path/Frameworks",
				);
				PRODUCT_BUNDLE_IDENTIFIER = com.dquavius.LumenUITests;
				PRODUCT_NAME = "$(TARGET_NAME)";
				SWIFT_VERSION = 5.0;
				TARGETED_DEVICE_FAMILY = "1,2";
				TEST_TARGET_NAME = Lumen;
			};
			name = Release;
		};
/* End XCBuildConfiguration section */

/* Begin XCConfigurationList section */
		85CFD4012557865D00FD6DF1 /* Build configuration list for PBXNativeTarget "Lumen Watch Extension" */ = {
			isa = XCConfigurationList;
			buildConfigurations = (
				85CFD3FF2557865D00FD6DF1 /* Debug */,
				85CFD4002557865D00FD6DF1 /* Release */,
			);
			defaultConfigurationIsVisible = 0;
			defaultConfigurationName = Release;
		};
		85CFD4022557865D00FD6DF1 /* Build configuration list for PBXNativeTarget "Lumen Watch" */ = {
			isa = XCConfigurationList;
			buildConfigurations = (
				85CFD3FC2557865D00FD6DF1 /* Debug */,
				85CFD3FD2557865D00FD6DF1 /* Release */,
			);
			defaultConfigurationIsVisible = 0;
			defaultConfigurationName = Release;
		};
		85F9E8D625435EB500D01C6E /* Build configuration list for PBXProject "Lumen" */ = {
			isa = XCConfigurationList;
			buildConfigurations = (
				85F9E90325435EB600D01C6E /* Debug */,
				85F9E90425435EB600D01C6E /* Release */,
			);
			defaultConfigurationIsVisible = 0;
			defaultConfigurationName = Release;
		};
		85F9E90525435EB600D01C6E /* Build configuration list for PBXNativeTarget "Lumen" */ = {
			isa = XCConfigurationList;
			buildConfigurations = (
				85F9E90625435EB600D01C6E /* Debug */,
				85F9E90725435EB600D01C6E /* Release */,
			);
			defaultConfigurationIsVisible = 0;
			defaultConfigurationName = Release;
		};
		85F9E90825435EB600D01C6E /* Build configuration list for PBXNativeTarget "LumenTests" */ = {
			isa = XCConfigurationList;
			buildConfigurations = (
				85F9E90925435EB600D01C6E /* Debug */,
				85F9E90A25435EB600D01C6E /* Release */,
			);
			defaultConfigurationIsVisible = 0;
			defaultConfigurationName = Release;
		};
		85F9E90B25435EB600D01C6E /* Build configuration list for PBXNativeTarget "LumenUITests" */ = {
			isa = XCConfigurationList;
			buildConfigurations = (
				85F9E90C25435EB600D01C6E /* Debug */,
				85F9E90D25435EB600D01C6E /* Release */,
			);
			defaultConfigurationIsVisible = 0;
			defaultConfigurationName = Release;
		};
/* End XCConfigurationList section */

/* Begin XCVersionGroup section */
		85F9E8E925435EB600D01C6E /* Lumen.xcdatamodeld */ = {
			isa = XCVersionGroup;
			children = (
				85F9E8EA25435EB600D01C6E /* Lumen.xcdatamodel */,
			);
			currentVersion = 85F9E8EA25435EB600D01C6E /* Lumen.xcdatamodel */;
			path = Lumen.xcdatamodeld;
			sourceTree = "<group>";
			versionGroupType = wrapper.xcdatamodel;
		};
/* End XCVersionGroup section */
	};
	rootObject = 85F9E8D325435EB500D01C6E /* Project object */;
}
